PODS:
  - Flutter (1.0.0)
  - on_audio_query_ios (0.0.1):
    - Flutter
    - SwiftyBeaver
  - SwiftyBeaver (1.9.5)

DEPENDENCIES:
  - Flutter (from `Flutter`)
  - on_audio_query_ios (from `.symlinks/plugins/on_audio_query_ios/ios`)

SPEC REPOS:
  trunk:
    - SwiftyBeaver

EXTERNAL SOURCES:
  Flutter:
    :path: Flutter
  on_audio_query_ios:
    :path: ".symlinks/plugins/on_audio_query_ios/ios"

SPEC CHECKSUMS:
  Flutter: f04841e97a9d0b0a8025694d0796dd46242b2854
  on_audio_query_ios: e5afb0d4b42cfa3e8762d8ec1953540cb4f02100
  SwiftyBeaver: 84069991dd5dca07d7069100985badaca7f0ce82

PODFILE CHECKSUM: 70d9d25280d0dd177a5f637cdb0f0b0b12c6a189

COCOAPODS: 1.12.1
